
Microsoft Visual Studio Solution File, Format Version 12.00
# Visual Studio Version 17
VisualStudioVersion = 17.10.35013.160
MinimumVisualStudioVersion = 10.0.40219.1
Project("{FAE04EC0-301F-11D3-BF4B-00C04F79EFBC}") = "NA5", "NA5\NA5.csproj", "{C71AB9AE-C83B-4215-B687-F41228CFBF99}"
EndProject
Project("{FAE04EC0-301F-11D3-BF4B-00C04F79EFBC}") = "NA5Test", "NA5Test\NA5Test.csproj", "{27520C8F-16B4-42EC-99F3-901E6D9BDF27}"
EndProject
Global
	GlobalSection(SolutionConfigurationPlatforms) = preSolution
		Debug|Any CPU = Debug|Any CPU
		Release|Any CPU = Release|Any CPU
	EndGlobalSection
	GlobalSection(ProjectConfigurationPlatforms) = postSolution
		{C71AB9AE-C83B-4215-B687-F41228CFBF99}.Debug|Any CPU.ActiveCfg = Debug|Any CPU
		{C71AB9AE-C83B-4215-B687-F41228CFBF99}.Debug|Any CPU.Build.0 = Debug|Any CPU
		{C71AB9AE-C83B-4215-B687-F41228CFBF99}.Release|Any CPU.ActiveCfg = Release|Any CPU
		{C71AB9AE-C83B-4215-B687-F41228CFBF99}.Release|Any CPU.Build.0 = Release|Any CPU
		{27520C8F-16B4-42EC-99F3-901E6D9BDF27}.Debug|Any CPU.ActiveCfg = Debug|Any CPU
		{27520C8F-16B4-42EC-99F3-901E6D9BDF27}.Debug|Any CPU.Build.0 = Debug|Any CPU
		{27520C8F-16B4-42EC-99F3-901E6D9BDF27}.Release|Any CPU.ActiveCfg = Release|Any CPU
		{27520C8F-16B4-42EC-99F3-901E6D9BDF27}.Release|Any CPU.Build.0 = Release|Any CPU
	EndGlobalSection
	GlobalSection(SolutionProperties) = preSolution
		HideSolutionNode = FALSE
	EndGlobalSection
	GlobalSection(ExtensibilityGlobals) = postSolution
		SolutionGuid = {582B4060-BEC9-4453-A5B1-069E1B89E4B5}
	EndGlobalSection
EndGlobal
